
Microsoft Visual Studio Solution File, Format Version 12.00
# Visual Studio Version 17
VisualStudioVersion = 17.7.34221.43
MinimumVisualStudioVersion = 10.0.40219.1
Project("{9A19103F-16F7-4668-BE54-9A1E7A4F7556}") = "CountCharsInString", "CountCharsInString\CountCharsInString.csproj", "{4BF78128-29EC-486A-A458-3739B77590CD}"
EndProject
Project("{9A19103F-16F7-4668-BE54-9A1E7A4F7556}") = "AMinersTask", "AMinersTask\AMinersTask.csproj", "{1120BA0A-B31D-49B6-A384-9C88D8B317C5}"
EndProject
Project("{FAE04EC0-301F-11D3-BF4B-00C04F79EFBC}") = "Orders", "Orders\Orders.csproj", "{979E3832-7BF6-4369-9EE2-597BBC854A31}"
EndProject
Project("{FAE04EC0-301F-11D3-BF4B-00C04F79EFBC}") = "SoftUniParking", "SoftUniParking\SoftUniParking.csproj", "{78573D8F-633C-4C1D-81E9-360680A445F6}"
EndProject
Project("{FAE04EC0-301F-11D3-BF4B-00C04F79EFBC}") = "StudentAcademy", "StudentAcademy\StudentAcademy.csproj", "{F673D1C0-E047-456B-A3D8-A74F30FF1CE6}"
EndProject
Project("{FAE04EC0-301F-11D3-BF4B-00C04F79EFBC}") = "CompanyUsers", "CompanyUsers\CompanyUsers.csproj", "{EDDFC165-EF6F-4556-93FD-729F78B22FCD}"
EndProject
Global
	GlobalSection(SolutionConfigurationPlatforms) = preSolution
		Debug|Any CPU = Debug|Any CPU
		Release|Any CPU = Release|Any CPU
	EndGlobalSection
	GlobalSection(ProjectConfigurationPlatforms) = postSolution
		{4BF78128-29EC-486A-A458-3739B77590CD}.Debug|Any CPU.ActiveCfg = Debug|Any CPU
		{4BF78128-29EC-486A-A458-3739B77590CD}.Debug|Any CPU.Build.0 = Debug|Any CPU
		{4BF78128-29EC-486A-A458-3739B77590CD}.Release|Any CPU.ActiveCfg = Release|Any CPU
		{4BF78128-29EC-486A-A458-3739B77590CD}.Release|Any CPU.Build.0 = Release|Any CPU
		{1120BA0A-B31D-49B6-A384-9C88D8B317C5}.Debug|Any CPU.ActiveCfg = Debug|Any CPU
		{1120BA0A-B31D-49B6-A384-9C88D8B317C5}.Debug|Any CPU.Build.0 = Debug|Any CPU
		{1120BA0A-B31D-49B6-A384-9C88D8B317C5}.Release|Any CPU.ActiveCfg = Release|Any CPU
		{1120BA0A-B31D-49B6-A384-9C88D8B317C5}.Release|Any CPU.Build.0 = Release|Any CPU
		{979E3832-7BF6-4369-9EE2-597BBC854A31}.Debug|Any CPU.ActiveCfg = Debug|Any CPU
		{979E3832-7BF6-4369-9EE2-597BBC854A31}.Debug|Any CPU.Build.0 = Debug|Any CPU
		{979E3832-7BF6-4369-9EE2-597BBC854A31}.Release|Any CPU.ActiveCfg = Release|Any CPU
		{979E3832-7BF6-4369-9EE2-597BBC854A31}.Release|Any CPU.Build.0 = Release|Any CPU
		{78573D8F-633C-4C1D-81E9-360680A445F6}.Debug|Any CPU.ActiveCfg = Debug|Any CPU
		{78573D8F-633C-4C1D-81E9-360680A445F6}.Debug|Any CPU.Build.0 = Debug|Any CPU
		{78573D8F-633C-4C1D-81E9-360680A445F6}.Release|Any CPU.ActiveCfg = Release|Any CPU
		{78573D8F-633C-4C1D-81E9-360680A445F6}.Release|Any CPU.Build.0 = Release|Any CPU
		{F673D1C0-E047-456B-A3D8-A74F30FF1CE6}.Debug|Any CPU.ActiveCfg = Debug|Any CPU
		{F673D1C0-E047-456B-A3D8-A74F30FF1CE6}.Debug|Any CPU.Build.0 = Debug|Any CPU
		{F673D1C0-E047-456B-A3D8-A74F30FF1CE6}.Release|Any CPU.ActiveCfg = Release|Any CPU
		{F673D1C0-E047-456B-A3D8-A74F30FF1CE6}.Release|Any CPU.Build.0 = Release|Any CPU
		{EDDFC165-EF6F-4556-93FD-729F78B22FCD}.Debug|Any CPU.ActiveCfg = Debug|Any CPU
		{EDDFC165-EF6F-4556-93FD-729F78B22FCD}.Debug|Any CPU.Build.0 = Debug|Any CPU
		{EDDFC165-EF6F-4556-93FD-729F78B22FCD}.Release|Any CPU.ActiveCfg = Release|Any CPU
		{EDDFC165-EF6F-4556-93FD-729F78B22FCD}.Release|Any CPU.Build.0 = Release|Any CPU
	EndGlobalSection
	GlobalSection(SolutionProperties) = preSolution
		HideSolutionNode = FALSE
	EndGlobalSection
	GlobalSection(ExtensibilityGlobals) = postSolution
		SolutionGuid = {418E2DC4-1A59-4643-970D-E7B073CDBCD7}
	EndGlobalSection
EndGlobal
