
Microsoft Visual Studio Solution File, Format Version 12.00
# Visual Studio Version 17
VisualStudioVersion = 17.7.34221.43
MinimumVisualStudioVersion = 10.0.40219.1
Project("{9A19103F-16F7-4668-BE54-9A1E7A4F7556}") = "TopIntegers", "ArraysAndLists\TopIntegers.csproj", "{1248875B-A373-4206-BC20-D7274921BDB4}"
EndProject
Project("{9A19103F-16F7-4668-BE54-9A1E7A4F7556}") = "MaxSequenceOfEqualElements", "MaxSequenceOfEqualElements\MaxSequenceOfEqualElements.csproj", "{33C65D76-B8A8-4ECA-BFA2-0535265CD444}"
EndProject
Project("{FAE04EC0-301F-11D3-BF4B-00C04F79EFBC}") = "ArrayRotation", "ArrayRotation\ArrayRotation.csproj", "{55F6C67D-5E6E-4980-A174-2F826772AC2D}"
EndProject
Project("{FAE04EC0-301F-11D3-BF4B-00C04F79EFBC}") = "ZigZagArrays", "ZigZagArrays\ZigZagArrays.csproj", "{58CD1FDF-E46E-45E3-B0FD-5C20850D9F90}"
EndProject
Global
	GlobalSection(SolutionConfigurationPlatforms) = preSolution
		Debug|Any CPU = Debug|Any CPU
		Release|Any CPU = Release|Any CPU
	EndGlobalSection
	GlobalSection(ProjectConfigurationPlatforms) = postSolution
		{1248875B-A373-4206-BC20-D7274921BDB4}.Debug|Any CPU.ActiveCfg = Debug|Any CPU
		{1248875B-A373-4206-BC20-D7274921BDB4}.Debug|Any CPU.Build.0 = Debug|Any CPU
		{1248875B-A373-4206-BC20-D7274921BDB4}.Release|Any CPU.ActiveCfg = Release|Any CPU
		{1248875B-A373-4206-BC20-D7274921BDB4}.Release|Any CPU.Build.0 = Release|Any CPU
		{33C65D76-B8A8-4ECA-BFA2-0535265CD444}.Debug|Any CPU.ActiveCfg = Debug|Any CPU
		{33C65D76-B8A8-4ECA-BFA2-0535265CD444}.Debug|Any CPU.Build.0 = Debug|Any CPU
		{33C65D76-B8A8-4ECA-BFA2-0535265CD444}.Release|Any CPU.ActiveCfg = Release|Any CPU
		{33C65D76-B8A8-4ECA-BFA2-0535265CD444}.Release|Any CPU.Build.0 = Release|Any CPU
		{55F6C67D-5E6E-4980-A174-2F826772AC2D}.Debug|Any CPU.ActiveCfg = Debug|Any CPU
		{55F6C67D-5E6E-4980-A174-2F826772AC2D}.Debug|Any CPU.Build.0 = Debug|Any CPU
		{55F6C67D-5E6E-4980-A174-2F826772AC2D}.Release|Any CPU.ActiveCfg = Release|Any CPU
		{55F6C67D-5E6E-4980-A174-2F826772AC2D}.Release|Any CPU.Build.0 = Release|Any CPU
		{58CD1FDF-E46E-45E3-B0FD-5C20850D9F90}.Debug|Any CPU.ActiveCfg = Debug|Any CPU
		{58CD1FDF-E46E-45E3-B0FD-5C20850D9F90}.Debug|Any CPU.Build.0 = Debug|Any CPU
		{58CD1FDF-E46E-45E3-B0FD-5C20850D9F90}.Release|Any CPU.ActiveCfg = Release|Any CPU
		{58CD1FDF-E46E-45E3-B0FD-5C20850D9F90}.Release|Any CPU.Build.0 = Release|Any CPU
	EndGlobalSection
	GlobalSection(SolutionProperties) = preSolution
		HideSolutionNode = FALSE
	EndGlobalSection
	GlobalSection(ExtensibilityGlobals) = postSolution
		SolutionGuid = {BC850681-5222-4009-B0D9-5B5A909480DE}
	EndGlobalSection
EndGlobal
