
Microsoft Visual Studio Solution File, Format Version 12.00
# Visual Studio Version 17
VisualStudioVersion = 17.7.34221.43
MinimumVisualStudioVersion = 10.0.40219.1
Project("{9A19103F-16F7-4668-BE54-9A1E7A4F7556}") = "Students", "Students\Students.csproj", "{E1FD5063-9251-4B37-B456-2AB6F91EEF42}"
EndProject
Project("{9A19103F-16F7-4668-BE54-9A1E7A4F7556}") = "Articles", "Articles\Articles.csproj", "{6050D95B-37E5-4172-907B-613E555E1306}"
EndProject
Project("{FAE04EC0-301F-11D3-BF4B-00C04F79EFBC}") = "TeamProjects", "TeamProjects\TeamProjects.csproj", "{798976A7-DC1D-492F-999F-4A561EE60456}"
EndProject
Global
	GlobalSection(SolutionConfigurationPlatforms) = preSolution
		Debug|Any CPU = Debug|Any CPU
		Release|Any CPU = Release|Any CPU
	EndGlobalSection
	GlobalSection(ProjectConfigurationPlatforms) = postSolution
		{E1FD5063-9251-4B37-B456-2AB6F91EEF42}.Debug|Any CPU.ActiveCfg = Debug|Any CPU
		{E1FD5063-9251-4B37-B456-2AB6F91EEF42}.Debug|Any CPU.Build.0 = Debug|Any CPU
		{E1FD5063-9251-4B37-B456-2AB6F91EEF42}.Release|Any CPU.ActiveCfg = Release|Any CPU
		{E1FD5063-9251-4B37-B456-2AB6F91EEF42}.Release|Any CPU.Build.0 = Release|Any CPU
		{6050D95B-37E5-4172-907B-613E555E1306}.Debug|Any CPU.ActiveCfg = Debug|Any CPU
		{6050D95B-37E5-4172-907B-613E555E1306}.Debug|Any CPU.Build.0 = Debug|Any CPU
		{6050D95B-37E5-4172-907B-613E555E1306}.Release|Any CPU.ActiveCfg = Release|Any CPU
		{6050D95B-37E5-4172-907B-613E555E1306}.Release|Any CPU.Build.0 = Release|Any CPU
		{798976A7-DC1D-492F-999F-4A561EE60456}.Debug|Any CPU.ActiveCfg = Debug|Any CPU
		{798976A7-DC1D-492F-999F-4A561EE60456}.Debug|Any CPU.Build.0 = Debug|Any CPU
		{798976A7-DC1D-492F-999F-4A561EE60456}.Release|Any CPU.ActiveCfg = Release|Any CPU
		{798976A7-DC1D-492F-999F-4A561EE60456}.Release|Any CPU.Build.0 = Release|Any CPU
	EndGlobalSection
	GlobalSection(SolutionProperties) = preSolution
		HideSolutionNode = FALSE
	EndGlobalSection
	GlobalSection(ExtensibilityGlobals) = postSolution
		SolutionGuid = {17817D45-E100-4267-9359-EEB12C364942}
	EndGlobalSection
EndGlobal
